
Microsoft Visual Studio Solution File, Format Version 12.00
# Visual Studio Version 16
VisualStudioVersion = 16.0.30413.136
MinimumVisualStudioVersion = 10.0.40219.1
Project("{FAE04EC0-301F-11D3-BF4B-00C04F79EFBC}") = "JsonCreateObject", "JsonCreateObject\JsonCreateObject.csproj", "{92F5B9C0-6EEF-4857-BAC7-7BF2925527A1}"
EndProject
Global
	GlobalSection(SolutionConfigurationPlatforms) = preSolution
		Debug|Any CPU = Debug|Any CPU
		Release|Any CPU = Release|Any CPU
	EndGlobalSection
	GlobalSection(ProjectConfigurationPlatforms) = postSolution
		{92F5B9C0-6EEF-4857-BAC7-7BF2925527A1}.Debug|Any CPU.ActiveCfg = Debug|Any CPU
		{92F5B9C0-6EEF-4857-BAC7-7BF2925527A1}.Debug|Any CPU.Build.0 = Debug|Any CPU
		{92F5B9C0-6EEF-4857-BAC7-7BF2925527A1}.Release|Any CPU.ActiveCfg = Release|Any CPU
		{92F5B9C0-6EEF-4857-BAC7-7BF2925527A1}.Release|Any CPU.Build.0 = Release|Any CPU
	EndGlobalSection
	GlobalSection(SolutionProperties) = preSolution
		HideSolutionNode = FALSE
	EndGlobalSection
	GlobalSection(ExtensibilityGlobals) = postSolution
		SolutionGuid = {325B597F-E05D-4EAE-BA9E-7F8865B781B9}
	EndGlobalSection
EndGlobal
